
Microsoft Visual Studio Solution File, Format Version 12.00
# Visual Studio Version 16
VisualStudioVersion = 16.0.31129.286
MinimumVisualStudioVersion = 10.0.40219.1
Project("{FAE04EC0-301F-11D3-BF4B-00C04F79EFBC}") = "GithubUpdateChecker", "GithubUpdateChecker\GithubUpdateChecker.csproj", "{E5DCC6E7-6F48-4323-92D8-F3863BE0A3B1}"
EndProject
Project("{FAE04EC0-301F-11D3-BF4B-00C04F79EFBC}") = "GithubUpdateChecker.Console", "GithubUpdateChecker.Console\GithubUpdateChecker.Console.csproj", "{E0B5EF6E-D53C-4F48-8B88-3F82026A4C94}"
EndProject
Global
	GlobalSection(SolutionConfigurationPlatforms) = preSolution
		Debug|Any CPU = Debug|Any CPU
		Release|Any CPU = Release|Any CPU
	EndGlobalSection
	GlobalSection(ProjectConfigurationPlatforms) = postSolution
		{E5DCC6E7-6F48-4323-92D8-F3863BE0A3B1}.Debug|Any CPU.ActiveCfg = Debug|Any CPU
		{E5DCC6E7-6F48-4323-92D8-F3863BE0A3B1}.Debug|Any CPU.Build.0 = Debug|Any CPU
		{E5DCC6E7-6F48-4323-92D8-F3863BE0A3B1}.Release|Any CPU.ActiveCfg = Release|Any CPU
		{E5DCC6E7-6F48-4323-92D8-F3863BE0A3B1}.Release|Any CPU.Build.0 = Release|Any CPU
		{E0B5EF6E-D53C-4F48-8B88-3F82026A4C94}.Debug|Any CPU.ActiveCfg = Debug|Any CPU
		{E0B5EF6E-D53C-4F48-8B88-3F82026A4C94}.Debug|Any CPU.Build.0 = Debug|Any CPU
		{E0B5EF6E-D53C-4F48-8B88-3F82026A4C94}.Release|Any CPU.ActiveCfg = Release|Any CPU
		{E0B5EF6E-D53C-4F48-8B88-3F82026A4C94}.Release|Any CPU.Build.0 = Release|Any CPU
	EndGlobalSection
	GlobalSection(SolutionProperties) = preSolution
		HideSolutionNode = FALSE
	EndGlobalSection
	GlobalSection(ExtensibilityGlobals) = postSolution
		SolutionGuid = {791ED2A8-B45E-4A94-A65B-CE8B03DFB1BE}
	EndGlobalSection
EndGlobal
